
Microsoft Visual Studio Solution File, Format Version 12.00
# Visual Studio Version 17
VisualStudioVersion = 17.7.34221.43
MinimumVisualStudioVersion = 10.0.40219.1
Project("{FAE04EC0-301F-11D3-BF4B-00C04F79EFBC}") = "WeatherMap", "WeatherMap\WeatherMap.csproj", "{51355B58-A517-49E9-BE38-DADC07A7C0C6}"
EndProject
Global
	GlobalSection(SolutionConfigurationPlatforms) = preSolution
		Debug|Any CPU = Debug|Any CPU
		Release|Any CPU = Release|Any CPU
	EndGlobalSection
	GlobalSection(ProjectConfigurationPlatforms) = postSolution
		{51355B58-A517-49E9-BE38-DADC07A7C0C6}.Debug|Any CPU.ActiveCfg = Debug|Any CPU
		{51355B58-A517-49E9-BE38-DADC07A7C0C6}.Debug|Any CPU.Build.0 = Debug|Any CPU
		{51355B58-A517-49E9-BE38-DADC07A7C0C6}.Release|Any CPU.ActiveCfg = Release|Any CPU
		{51355B58-A517-49E9-BE38-DADC07A7C0C6}.Release|Any CPU.Build.0 = Release|Any CPU
	EndGlobalSection
	GlobalSection(SolutionProperties) = preSolution
		HideSolutionNode = FALSE
	EndGlobalSection
	GlobalSection(ExtensibilityGlobals) = postSolution
		SolutionGuid = {04880AB5-6FEC-4035-B925-D30DCE964918}
	EndGlobalSection
EndGlobal
